
Microsoft Visual Studio Solution File, Format Version 12.00
# Visual Studio Version 17
VisualStudioVersion = 17.5.33530.505
MinimumVisualStudioVersion = 10.0.40219.1
Project("{FAE04EC0-301F-11D3-BF4B-00C04F79EFBC}") = "MVCSoruCevap.UI", "MVCSoruCevap.UI\MVCSoruCevap.UI.csproj", "{B8D4B724-549C-446D-A508-A7B5F291151A}"
EndProject
Global
	GlobalSection(SolutionConfigurationPlatforms) = preSolution
		Debug|Any CPU = Debug|Any CPU
		Release|Any CPU = Release|Any CPU
	EndGlobalSection
	GlobalSection(ProjectConfigurationPlatforms) = postSolution
		{B8D4B724-549C-446D-A508-A7B5F291151A}.Debug|Any CPU.ActiveCfg = Debug|Any CPU
		{B8D4B724-549C-446D-A508-A7B5F291151A}.Debug|Any CPU.Build.0 = Debug|Any CPU
		{B8D4B724-549C-446D-A508-A7B5F291151A}.Release|Any CPU.ActiveCfg = Release|Any CPU
		{B8D4B724-549C-446D-A508-A7B5F291151A}.Release|Any CPU.Build.0 = Release|Any CPU
	EndGlobalSection
	GlobalSection(SolutionProperties) = preSolution
		HideSolutionNode = FALSE
	EndGlobalSection
	GlobalSection(ExtensibilityGlobals) = postSolution
		SolutionGuid = {A74988D7-259B-4655-B84D-4280E07052C2}
	EndGlobalSection
EndGlobal
