
Microsoft Visual Studio Solution File, Format Version 12.00
# Visual Studio Version 17
VisualStudioVersion = 17.5.33530.505
MinimumVisualStudioVersion = 10.0.40219.1
Project("{FAE04EC0-301F-11D3-BF4B-00C04F79EFBC}") = "StatikMvc2", "StatikMvc2\StatikMvc2.csproj", "{5647A56F-D463-4204-A205-243DBA35EFFF}"
EndProject
Global
	GlobalSection(SolutionConfigurationPlatforms) = preSolution
		Debug|Any CPU = Debug|Any CPU
		Release|Any CPU = Release|Any CPU
	EndGlobalSection
	GlobalSection(ProjectConfigurationPlatforms) = postSolution
		{5647A56F-D463-4204-A205-243DBA35EFFF}.Debug|Any CPU.ActiveCfg = Debug|Any CPU
		{5647A56F-D463-4204-A205-243DBA35EFFF}.Debug|Any CPU.Build.0 = Debug|Any CPU
		{5647A56F-D463-4204-A205-243DBA35EFFF}.Release|Any CPU.ActiveCfg = Release|Any CPU
		{5647A56F-D463-4204-A205-243DBA35EFFF}.Release|Any CPU.Build.0 = Release|Any CPU
	EndGlobalSection
	GlobalSection(SolutionProperties) = preSolution
		HideSolutionNode = FALSE
	EndGlobalSection
	GlobalSection(ExtensibilityGlobals) = postSolution
		SolutionGuid = {20D9FD2C-FD7E-4D2A-A523-41F35D26FDC7}
	EndGlobalSection
EndGlobal
